// !$*UTF8*$!
{
	archiveVersion = 1;
	classes = {
	};
	objectVersion = 46;
	objects = {

/* Begin PBXBuildFile section */
		394000021E3D38C300ABFDAF /* Main.storyboard in Resources */ = {isa = PBXBuildFile; fileRef = 394000001E3D38C300ABFDAF /* Main.storyboard */; };
		394000041E3D38C300ABFDAF /* Assets.xcassets in Resources */ = {isa = PBXBuildFile; fileRef = 394000031E3D38C300ABFDAF /* Assets.xcassets */; };
		394000071E3D38C300ABFDAF /* LaunchScreen.storyboard in Resources */ = {isa = PBXBuildFile; fileRef = 394000051E3D38C300ABFDAF /* LaunchScreen.storyboard */; };
		3940000F1E3D520C00ABFDAF /* GridViewController.swift in Sources */ = {isa = PBXBuildFile; fileRef = 3940000E1E3D520C00ABFDAF /* GridViewController.swift */; };
		394000131E3D730C00ABFDAF /* Employee.swift in Sources */ = {isa = PBXBuildFile; fileRef = 394000121E3D730C00ABFDAF /* Employee.swift */; };
		394000151E3D755C00ABFDAF /* CollectionViewEmpCell.swift in Sources */ = {isa = PBXBuildFile; fileRef = 394000141E3D755C00ABFDAF /* CollectionViewEmpCell.swift */; };
		394000171E3DAE3200ABFDAF /* TableViewEmpCell.swift in Sources */ = {isa = PBXBuildFile; fileRef = 394000161E3DAE3200ABFDAF /* TableViewEmpCell.swift */; };
		3940FFFD1E3D38C300ABFDAF /* AppDelegate.swift in Sources */ = {isa = PBXBuildFile; fileRef = 3940FFFC1E3D38C300ABFDAF /* AppDelegate.swift */; };
		3940FFFF1E3D38C300ABFDAF /* ViewController.swift in Sources */ = {isa = PBXBuildFile; fileRef = 3940FFFE1E3D38C300ABFDAF /* ViewController.swift */; };
		394C93D81E3DC12E0044A639 /* ListViewController.swift in Sources */ = {isa = PBXBuildFile; fileRef = 394C93D71E3DC12E0044A639 /* ListViewController.swift */; };
		394C93DA1E3DC4DF0044A639 /* MapViewController.swift in Sources */ = {isa = PBXBuildFile; fileRef = 394C93D91E3DC4DF0044A639 /* MapViewController.swift */; };
		394C93DD1E3DCD8A0044A639 /* CoreLocation.framework in Frameworks */ = {isa = PBXBuildFile; fileRef = 394C93DC1E3DCD8A0044A639 /* CoreLocation.framework */; };
		39E400A51E3E6FFD00C035A5 /* MapKit.framework in Frameworks */ = {isa = PBXBuildFile; fileRef = 39E400A41E3E6FFD00C035A5 /* MapKit.framework */; };
/* End PBXBuildFile section */

/* Begin PBXFileReference section */
		394000011E3D38C300ABFDAF /* Base */ = {isa = PBXFileReference; lastKnownFileType = file.storyboard; name = Base; path = Base.lproj/Main.storyboard; sourceTree = "<group>"; };
		394000031E3D38C300ABFDAF /* Assets.xcassets */ = {isa = PBXFileReference; lastKnownFileType = folder.assetcatalog; path = Assets.xcassets; sourceTree = "<group>"; };
		394000061E3D38C300ABFDAF /* Base */ = {isa = PBXFileReference; lastKnownFileType = file.storyboard; name = Base; path = Base.lproj/LaunchScreen.storyboard; sourceTree = "<group>"; };
		394000081E3D38C300ABFDAF /* Info.plist */ = {isa = PBXFileReference; lastKnownFileType = text.plist.xml; path = Info.plist; sourceTree = "<group>"; };
		3940000E1E3D520C00ABFDAF /* GridViewController.swift */ = {isa = PBXFileReference; fileEncoding = 4; lastKnownFileType = sourcecode.swift; path = GridViewController.swift; sourceTree = "<group>"; };
		394000121E3D730C00ABFDAF /* Employee.swift */ = {isa = PBXFileReference; fileEncoding = 4; lastKnownFileType = sourcecode.swift; path = Employee.swift; sourceTree = "<group>"; };
		394000141E3D755C00ABFDAF /* CollectionViewEmpCell.swift */ = {isa = PBXFileReference; fileEncoding = 4; lastKnownFileType = sourcecode.swift; path = CollectionViewEmpCell.swift; sourceTree = "<group>"; };
		394000161E3DAE3200ABFDAF /* TableViewEmpCell.swift */ = {isa = PBXFileReference; fileEncoding = 4; lastKnownFileType = sourcecode.swift; path = TableViewEmpCell.swift; sourceTree = "<group>"; };
		3940FFF91E3D38C300ABFDAF /* BabySitter.app */ = {isa = PBXFileReference; explicitFileType = wrapper.application; includeInIndex = 0; path = BabySitter.app; sourceTree = BUILT_PRODUCTS_DIR; };
		3940FFFC1E3D38C300ABFDAF /* AppDelegate.swift */ = {isa = PBXFileReference; lastKnownFileType = sourcecode.swift; path = AppDelegate.swift; sourceTree = "<group>"; };
		3940FFFE1E3D38C300ABFDAF /* ViewController.swift */ = {isa = PBXFileReference; lastKnownFileType = sourcecode.swift; path = ViewController.swift; sourceTree = "<group>"; };
		394C93D71E3DC12E0044A639 /* ListViewController.swift */ = {isa = PBXFileReference; fileEncoding = 4; lastKnownFileType = sourcecode.swift; path = ListViewController.swift; sourceTree = "<group>"; };
		394C93D91E3DC4DF0044A639 /* MapViewController.swift */ = {isa = PBXFileReference; fileEncoding = 4; lastKnownFileType = sourcecode.swift; path = MapViewController.swift; sourceTree = "<group>"; };
		394C93DC1E3DCD8A0044A639 /* CoreLocation.framework */ = {isa = PBXFileReference; lastKnownFileType = wrapper.framework; name = CoreLocation.framework; path = System/Library/Frameworks/CoreLocation.framework; sourceTree = SDKROOT; };
		39E400A41E3E6FFD00C035A5 /* MapKit.framework */ = {isa = PBXFileReference; lastKnownFileType = wrapper.framework; name = MapKit.framework; path = System/Library/Frameworks/MapKit.framework; sourceTree = SDKROOT; };
/* End PBXFileReference section */

/* Begin PBXFrameworksBuildPhase section */
		3940FFF61E3D38C300ABFDAF /* Frameworks */ = {
			isa = PBXFrameworksBuildPhase;
			buildActionMask = 2147483647;
			files = (
				39E400A51E3E6FFD00C035A5 /* MapKit.framework in Frameworks */,
				394C93DD1E3DCD8A0044A639 /* CoreLocation.framework in Frameworks */,
			);
			runOnlyForDeploymentPostprocessing = 0;
		};
/* End PBXFrameworksBuildPhase section */

/* Begin PBXGroup section */
		3940FFF01E3D38C300ABFDAF = {
			isa = PBXGroup;
			children = (
				3940FFFB1E3D38C300ABFDAF /* BabySitter */,
				3940FFFA1E3D38C300ABFDAF /* Products */,
				394C93DB1E3DCD8A0044A639 /* Frameworks */,
			);
			sourceTree = "<group>";
		};
		3940FFFA1E3D38C300ABFDAF /* Products */ = {
			isa = PBXGroup;
			children = (
				3940FFF91E3D38C300ABFDAF /* BabySitter.app */,
			);
			name = Products;
			sourceTree = "<group>";
		};
		3940FFFB1E3D38C300ABFDAF /* BabySitter */ = {
			isa = PBXGroup;
			children = (
				3940FFFC1E3D38C300ABFDAF /* AppDelegate.swift */,
				3940FFFE1E3D38C300ABFDAF /* ViewController.swift */,
				394000121E3D730C00ABFDAF /* Employee.swift */,
				394000001E3D38C300ABFDAF /* Main.storyboard */,
				394C93D91E3DC4DF0044A639 /* MapViewController.swift */,
				394000141E3D755C00ABFDAF /* CollectionViewEmpCell.swift */,
				3940000E1E3D520C00ABFDAF /* GridViewController.swift */,
				394C93D71E3DC12E0044A639 /* ListViewController.swift */,
				394000031E3D38C300ABFDAF /* Assets.xcassets */,
				394000051E3D38C300ABFDAF /* LaunchScreen.storyboard */,
				394000081E3D38C300ABFDAF /* Info.plist */,
				394000161E3DAE3200ABFDAF /* TableViewEmpCell.swift */,
			);
			path = BabySitter;
			sourceTree = "<group>";
		};
		394C93DB1E3DCD8A0044A639 /* Frameworks */ = {
			isa = PBXGroup;
			children = (
				39E400A41E3E6FFD00C035A5 /* MapKit.framework */,
				394C93DC1E3DCD8A0044A639 /* CoreLocation.framework */,
			);
			name = Frameworks;
			sourceTree = "<group>";
		};
/* End PBXGroup section */

/* Begin PBXNativeTarget section */
		3940FFF81E3D38C300ABFDAF /* BabySitter */ = {
			isa = PBXNativeTarget;
			buildConfigurationList = 3940000B1E3D38C300ABFDAF /* Build configuration list for PBXNativeTarget "BabySitter" */;
			buildPhases = (
				3940FFF51E3D38C300ABFDAF /* Sources */,
				3940FFF61E3D38C300ABFDAF /* Frameworks */,
				3940FFF71E3D38C300ABFDAF /* Resources */,
			);
			buildRules = (
			);
			dependencies = (
			);
			name = BabySitter;
			productName = BabySitter;
			productReference = 3940FFF91E3D38C300ABFDAF /* BabySitter.app */;
			productType = "com.apple.product-type.application";
		};
/* End PBXNativeTarget section */

/* Begin PBXProject section */
		3940FFF11E3D38C300ABFDAF /* Project object */ = {
			isa = PBXProject;
			attributes = {
				LastSwiftUpdateCheck = 0820;
				LastUpgradeCheck = 0820;
				ORGANIZATIONNAME = "Mina Shehata Gad";
				TargetAttributes = {
					3940FFF81E3D38C300ABFDAF = {
						CreatedOnToolsVersion = 8.2.1;
						DevelopmentTeam = UXSZ88W7HM;
						ProvisioningStyle = Automatic;
					};
				};
			};
			buildConfigurationList = 3940FFF41E3D38C300ABFDAF /* Build configuration list for PBXProject "BabySitter" */;
			compatibilityVersion = "Xcode 3.2";
			developmentRegion = English;
			hasScannedForEncodings = 0;
			knownRegions = (
				en,
				Base,
			);
			mainGroup = 3940FFF01E3D38C300ABFDAF;
			productRefGroup = 3940FFFA1E3D38C300ABFDAF /* Products */;
			projectDirPath = "";
			projectRoot = "";
			targets = (
				3940FFF81E3D38C300ABFDAF /* BabySitter */,
			);
		};
/* End PBXProject section */

/* Begin PBXResourcesBuildPhase section */
		3940FFF71E3D38C300ABFDAF /* Resources */ = {
			isa = PBXResourcesBuildPhase;
			buildActionMask = 2147483647;
			files = (
				394000071E3D38C300ABFDAF /* LaunchScreen.storyboard in Resources */,
				394000041E3D38C300ABFDAF /* Assets.xcassets in Resources */,
				394000021E3D38C300ABFDAF /* Main.storyboard in Resources */,
			);
			runOnlyForDeploymentPostprocessing = 0;
		};
/* End PBXResourcesBuildPhase section */

/* Begin PBXSourcesBuildPhase section */
		3940FFF51E3D38C300ABFDAF /* Sources */ = {
			isa = PBXSourcesBuildPhase;
			buildActionMask = 2147483647;
			files = (
				394000171E3DAE3200ABFDAF /* TableViewEmpCell.swift in Sources */,
				394000151E3D755C00ABFDAF /* CollectionViewEmpCell.swift in Sources */,
				3940FFFF1E3D38C300ABFDAF /* ViewController.swift in Sources */,
				394000131E3D730C00ABFDAF /* Employee.swift in Sources */,
				3940000F1E3D520C00ABFDAF /* GridViewController.swift in Sources */,
				3940FFFD1E3D38C300ABFDAF /* AppDelegate.swift in Sources */,
				394C93D81E3DC12E0044A639 /* ListViewController.swift in Sources */,
				394C93DA1E3DC4DF0044A639 /* MapViewController.swift in Sources */,
			);
			runOnlyForDeploymentPostprocessing = 0;
		};
/* End PBXSourcesBuildPhase section */

/* Begin PBXVariantGroup section */
		394000001E3D38C300ABFDAF /* Main.storyboard */ = {
			isa = PBXVariantGroup;
			children = (
				394000011E3D38C300ABFDAF /* Base */,
			);
			name = Main.storyboard;
			sourceTree = "<group>";
		};
		394000051E3D38C300ABFDAF /* LaunchScreen.storyboard */ = {
			isa = PBXVariantGroup;
			children = (
				394000061E3D38C300ABFDAF /* Base */,
			);
			name = LaunchScreen.storyboard;
			sourceTree = "<group>";
		};
/* End PBXVariantGroup section */

/* Begin XCBuildConfiguration section */
		394000091E3D38C300ABFDAF /* Debug */ = {
			isa = XCBuildConfiguration;
			buildSettings = {
				ALWAYS_SEARCH_USER_PATHS = NO;
				CLANG_ANALYZER_NONNULL = YES;
				CLANG_CXX_LANGUAGE_STANDARD = "gnu++0x";
				CLANG_CXX_LIBRARY = "libc++";
				CLANG_ENABLE_MODULES = YES;
				CLANG_ENABLE_OBJC_ARC = YES;
				CLANG_WARN_BOOL_CONVERSION = YES;
				CLANG_WARN_CONSTANT_CONVERSION = YES;
				CLANG_WARN_DIRECT_OBJC_ISA_USAGE = YES_ERROR;
				CLANG_WARN_DOCUMENTATION_COMMENTS = YES;
				CLANG_WARN_EMPTY_BODY = YES;
				CLANG_WARN_ENUM_CONVERSION = YES;
				CLANG_WARN_INFINITE_RECURSION = YES;
				CLANG_WARN_INT_CONVERSION = YES;
				CLANG_WARN_OBJC_ROOT_CLASS = YES_ERROR;
				CLANG_WARN_SUSPICIOUS_MOVE = YES;
				CLANG_WARN_UNREACHABLE_CODE = YES;
				CLANG_WARN__DUPLICATE_METHOD_MATCH = YES;
				"CODE_SIGN_IDENTITY[sdk=iphoneos*]" = "iPhone Developer";
				COPY_PHASE_STRIP = NO;
				DEBUG_INFORMATION_FORMAT = dwarf;
				ENABLE_STRICT_OBJC_MSGSEND = YES;
				ENABLE_TESTABILITY = YES;
				GCC_C_LANGUAGE_STANDARD = gnu99;
				GCC_DYNAMIC_NO_PIC = NO;
				GCC_NO_COMMON_BLOCKS = YES;
				GCC_OPTIMIZATION_LEVEL = 0;
				GCC_PREPROCESSOR_DEFINITIONS = (
					"DEBUG=1",
					"$(inherited)",
				);
				GCC_WARN_64_TO_32_BIT_CONVERSION = YES;
				GCC_WARN_ABOUT_RETURN_TYPE = YES_ERROR;
				GCC_WARN_UNDECLARED_SELECTOR = YES;
				GCC_WARN_UNINITIALIZED_AUTOS = YES_AGGRESSIVE;
				GCC_WARN_UNUSED_FUNCTION = YES;
				GCC_WARN_UNUSED_VARIABLE = YES;
				IPHONEOS_DEPLOYMENT_TARGET = 10.2;
				MTL_ENABLE_DEBUG_INFO = YES;
				ONLY_ACTIVE_ARCH = YES;
				SDKROOT = iphoneos;
				SWIFT_ACTIVE_COMPILATION_CONDITIONS = DEBUG;
				SWIFT_OPTIMIZATION_LEVEL = "-Onone";
				TARGETED_DEVICE_FAMILY = "1,2";
			};
			name = Debug;
		};
		3940000A1E3D38C300ABFDAF /* Release */ = {
			isa = XCBuildConfiguration;
			buildSettings = {
				ALWAYS_SEARCH_USER_PATHS = NO;
				CLANG_ANALYZER_NONNULL = YES;
				CLANG_CXX_LANGUAGE_STANDARD = "gnu++0x";
				CLANG_CXX_LIBRARY = "libc++";
				CLANG_ENABLE_MODULES = YES;
				CLANG_ENABLE_OBJC_ARC = YES;
				CLANG_WARN_BOOL_CONVERSION = YES;
				CLANG_WARN_CONSTANT_CONVERSION = YES;
				CLANG_WARN_DIRECT_OBJC_ISA_USAGE = YES_ERROR;
				CLANG_WARN_DOCUMENTATION_COMMENTS = YES;
				CLANG_WARN_EMPTY_BODY = YES;
				CLANG_WARN_ENUM_CONVERSION = YES;
				CLANG_WARN_INFINITE_RECURSION = YES;
				CLANG_WARN_INT_CONVERSION = YES;
				CLANG_WARN_OBJC_ROOT_CLASS = YES_ERROR;
				CLANG_WARN_SUSPICIOUS_MOVE = YES;
				CLANG_WARN_UNREACHABLE_CODE = YES;
				CLANG_WARN__DUPLICATE_METHOD_MATCH = YES;
				"CODE_SIGN_IDENTITY[sdk=iphoneos*]" = "iPhone Developer";
				COPY_PHASE_STRIP = NO;
				DEBUG_INFORMATION_FORMAT = "dwarf-with-dsym";
				ENABLE_NS_ASSERTIONS = NO;
				ENABLE_STRICT_OBJC_MSGSEND = YES;
				GCC_C_LANGUAGE_STANDARD = gnu99;
				GCC_NO_COMMON_BLOCKS = YES;
				GCC_WARN_64_TO_32_BIT_CONVERSION = YES;
				GCC_WARN_ABOUT_RETURN_TYPE = YES_ERROR;
				GCC_WARN_UNDECLARED_SELECTOR = YES;
				GCC_WARN_UNINITIALIZED_AUTOS = YES_AGGRESSIVE;
				GCC_WARN_UNUSED_FUNCTION = YES;
				GCC_WARN_UNUSED_VARIABLE = YES;
				IPHONEOS_DEPLOYMENT_TARGET = 10.2;
				MTL_ENABLE_DEBUG_INFO = NO;
				SDKROOT = iphoneos;
				SWIFT_OPTIMIZATION_LEVEL = "-Owholemodule";
				TARGETED_DEVICE_FAMILY = "1,2";
				VALIDATE_PRODUCT = YES;
			};
			name = Release;
		};
		3940000C1E3D38C300ABFDAF /* Debug */ = {
			isa = XCBuildConfiguration;
			buildSettings = {
				ASSETCATALOG_COMPILER_APPICON_NAME = AppIcon;
				DEVELOPMENT_TEAM = UXSZ88W7HM;
				INFOPLIST_FILE = BabySitter/Info.plist;
				IPHONEOS_DEPLOYMENT_TARGET = 9.0;
				LD_RUNPATH_SEARCH_PATHS = "$(inherited) @executable_path/Frameworks";
				PRODUCT_BUNDLE_IDENTIFIER = Shehata.Mina.BabySitter;
				PRODUCT_NAME = "$(TARGET_NAME)";
				SWIFT_VERSION = 3.0;
			};
			name = Debug;
		};
		3940000D1E3D38C300ABFDAF /* Release */ = {
			isa = XCBuildConfiguration;
			buildSettings = {
				ASSETCATALOG_COMPILER_APPICON_NAME = AppIcon;
				DEVELOPMENT_TEAM = UXSZ88W7HM;
				INFOPLIST_FILE = BabySitter/Info.plist;
				IPHONEOS_DEPLOYMENT_TARGET = 9.0;
				LD_RUNPATH_SEARCH_PATHS = "$(inherited) @executable_path/Frameworks";
				PRODUCT_BUNDLE_IDENTIFIER = Shehata.Mina.BabySitter;
				PRODUCT_NAME = "$(TARGET_NAME)";
				SWIFT_VERSION = 3.0;
			};
			name = Release;
		};
/* End XCBuildConfiguration section */

/* Begin XCConfigurationList section */
		3940000B1E3D38C300ABFDAF /* Build configuration list for PBXNativeTarget "BabySitter" */ = {
			isa = XCConfigurationList;
			buildConfigurations = (
				3940000C1E3D38C300ABFDAF /* Debug */,
				3940000D1E3D38C300ABFDAF /* Release */,
			);
			defaultConfigurationIsVisible = 0;
			defaultConfigurationName = Release;
		};
		3940FFF41E3D38C300ABFDAF /* Build configuration list for PBXProject "BabySitter" */ = {
			isa = XCConfigurationList;
			buildConfigurations = (
				394000091E3D38C300ABFDAF /* Debug */,
				3940000A1E3D38C300ABFDAF /* Release */,
			);
			defaultConfigurationIsVisible = 0;
			defaultConfigurationName = Release;
		};
/* End XCConfigurationList section */
	};
	rootObject = 3940FFF11E3D38C300ABFDAF /* Project object */;
}
